
Microsoft Visual Studio Solution File, Format Version 12.00
# Visual Studio Version 17
VisualStudioVersion = 17.7.34024.191
MinimumVisualStudioVersion = 10.0.40219.1
Project("{FAE04EC0-301F-11D3-BF4B-00C04F79EFBC}") = "Ofenen rekenen", "Ofenen rekenen\Ofenen rekenen.csproj", "{372790C2-34F3-41FF-93E5-F6BE9F686599}"
EndProject
Global
	GlobalSection(SolutionConfigurationPlatforms) = preSolution
		Debug|Any CPU = Debug|Any CPU
		Release|Any CPU = Release|Any CPU
	EndGlobalSection
	GlobalSection(ProjectConfigurationPlatforms) = postSolution
		{372790C2-34F3-41FF-93E5-F6BE9F686599}.Debug|Any CPU.ActiveCfg = Debug|Any CPU
		{372790C2-34F3-41FF-93E5-F6BE9F686599}.Debug|Any CPU.Build.0 = Debug|Any CPU
		{372790C2-34F3-41FF-93E5-F6BE9F686599}.Release|Any CPU.ActiveCfg = Release|Any CPU
		{372790C2-34F3-41FF-93E5-F6BE9F686599}.Release|Any CPU.Build.0 = Release|Any CPU
	EndGlobalSection
	GlobalSection(SolutionProperties) = preSolution
		HideSolutionNode = FALSE
	EndGlobalSection
	GlobalSection(ExtensibilityGlobals) = postSolution
		SolutionGuid = {64E6556B-631B-41FB-BBCE-67C5C5397D77}
	EndGlobalSection
EndGlobal
